<Solution>
  <Configurations>
    <Platform Name="x64" />
    <Platform Name="x86" />
  </Configurations>
  <Project Path="../Class1st (Stream)/Class1st (Stream).vcxproj" Id="9875c874-2875-4c29-9e16-4f607842ae78" />
  <Project Path="../Class2nd (Class)/Class2nd (Class).vcxproj" Id="601f8fbe-4c1b-4a82-9530-d2bc01b8e320" />
  <Project Path="Program.vcxproj" Id="b01288a3-45da-467b-a0a7-57c1a4a4edd6" />
</Solution>
