<Solution>
  <Configurations>
    <Platform Name="x64" />
    <Platform Name="x86" />
  </Configurations>
  <Project Path="../Class1st (Stream)/Class1st (Stream).vcxproj" Id="9875c874-2875-4c29-9e16-4f607842ae78" />
  <Project Path="../Class2nd (Class)/Class2nd (Class).vcxproj" Id="601f8fbe-4c1b-4a82-9530-d2bc01b8e320" />
  <Project Path="../Class3th (Constructor &amp; Destructor)/Class3th (Constructor &amp; Destructor).vcxproj" Id="3da3b384-c698-4a0b-b7e8-b7a6b87c4b6e" />
  <Project Path="../Class4th (Inheritance)/Class4th (Inheritance).vcxproj" Id="7ce4ba45-485f-4b2c-b14d-095c1ccb88f4" />
  <Project Path="../Class5th (Polymorphism)/Class5th (Polymorphism).vcxproj" Id="c16bfa1c-2ff1-4599-b72b-c36c92977fe3" />
  <Project Path="../Class6th (Abstract)/Class6th (Abstract).vcxproj" Id="4b401325-a32b-4e50-bfff-569a8c16a692" />
  <Project Path="../Class7th (Encapsulation)/Class7th (Encapsulation).vcxproj" Id="4fdc1207-ef6a-4035-aed1-04dc36460aca" />
  <Project Path="../Class8th (Template)/Class8th (Template).vcxproj" Id="3deab469-f00c-42f3-a9a5-05f8471ec27e" />
  <Project Path="../Class9th (Smart Pointer)/Class9th (Smart Pointer).vcxproj" Id="cc52f946-9f07-4ae0-9ca9-e4e875074999" />
  <Project Path="Program.vcxproj" Id="b01288a3-45da-467b-a0a7-57c1a4a4edd6" />
</Solution>
